// !$*UTF8*$!
{
	archiveVersion = 1;
	classes = {
	};
	objectVersion = 51;
	objects = {

/* Begin PBXBuildFile section */
		68B9EF13665470FEE47EEA07 /* Pods_CommitList_CommitListUITests.framework in Frameworks */ = {isa = PBXBuildFile; fileRef = 1ED3FB1CCF2CD5EFFCBC31B2 /* Pods_CommitList_CommitListUITests.framework */; };
		A832F8F2B7866B0AB4595691 /* Pods_CommitList.framework in Frameworks */ = {isa = PBXBuildFile; fileRef = 774010C596193F689DFEA2EA /* Pods_CommitList.framework */; };
		D9145B1F25177E9E001F1DC7 /* AppDelegate.swift in Sources */ = {isa = PBXBuildFile; fileRef = D9145B1E25177E9E001F1DC7 /* AppDelegate.swift */; };
		D9145B2125177E9E001F1DC7 /* SceneDelegate.swift in Sources */ = {isa = PBXBuildFile; fileRef = D9145B2025177E9E001F1DC7 /* SceneDelegate.swift */; };
		D9145B2625177E9E001F1DC7 /* Main.storyboard in Resources */ = {isa = PBXBuildFile; fileRef = D9145B2425177E9E001F1DC7 /* Main.storyboard */; };
		D9145B2825177EA3001F1DC7 /* Assets.xcassets in Resources */ = {isa = PBXBuildFile; fileRef = D9145B2725177EA3001F1DC7 /* Assets.xcassets */; };
		D9145B2B25177EA3001F1DC7 /* LaunchScreen.storyboard in Resources */ = {isa = PBXBuildFile; fileRef = D9145B2925177EA3001F1DC7 /* LaunchScreen.storyboard */; };
		D9145B3625177EA3001F1DC7 /* CommitListTests.swift in Sources */ = {isa = PBXBuildFile; fileRef = D9145B3525177EA3001F1DC7 /* CommitListTests.swift */; };
		D9145B4125177EA3001F1DC7 /* CommitListUITests.swift in Sources */ = {isa = PBXBuildFile; fileRef = D9145B4025177EA3001F1DC7 /* CommitListUITests.swift */; };
		D9145B552517812C001F1DC7 /* CommitListViewModel.swift in Sources */ = {isa = PBXBuildFile; fileRef = D9145B542517812C001F1DC7 /* CommitListViewModel.swift */; };
		D9145B582517814B001F1DC7 /* CommitListViewController.swift in Sources */ = {isa = PBXBuildFile; fileRef = D9145B572517814B001F1DC7 /* CommitListViewController.swift */; };
		D9145B5A25178176001F1DC7 /* CommitResponse.swift in Sources */ = {isa = PBXBuildFile; fileRef = D9145B5925178176001F1DC7 /* CommitResponse.swift */; };
		D9145B5C2517818D001F1DC7 /* Commit.swift in Sources */ = {isa = PBXBuildFile; fileRef = D9145B5B2517818D001F1DC7 /* Commit.swift */; };
		D9145B5E2517819F001F1DC7 /* Verification.swift in Sources */ = {isa = PBXBuildFile; fileRef = D9145B5D2517819F001F1DC7 /* Verification.swift */; };
		D9145B6025178492001F1DC7 /* Tree.swift in Sources */ = {isa = PBXBuildFile; fileRef = D9145B5F25178492001F1DC7 /* Tree.swift */; };
		D9145B62251784A2001F1DC7 /* Author.swift in Sources */ = {isa = PBXBuildFile; fileRef = D9145B61251784A2001F1DC7 /* Author.swift */; };
		D9145B64251784B6001F1DC7 /* Committer.swift in Sources */ = {isa = PBXBuildFile; fileRef = D9145B63251784B6001F1DC7 /* Committer.swift */; };
		D9145B66251784CA001F1DC7 /* Parents.swift in Sources */ = {isa = PBXBuildFile; fileRef = D9145B65251784CA001F1DC7 /* Parents.swift */; };
		D9145B6925178505001F1DC7 /* UITableView+Extension.swift in Sources */ = {isa = PBXBuildFile; fileRef = D9145B6825178505001F1DC7 /* UITableView+Extension.swift */; };
		D9145B6C2517881C001F1DC7 /* ReachabilityHelper.swift in Sources */ = {isa = PBXBuildFile; fileRef = D9145B6B2517881C001F1DC7 /* ReachabilityHelper.swift */; };
		D9145B6E25178A4A001F1DC7 /* ApiClient.swift in Sources */ = {isa = PBXBuildFile; fileRef = D9145B6D25178A4A001F1DC7 /* ApiClient.swift */; };
		D9145B7025178A59001F1DC7 /* HttpEndPointResources.swift in Sources */ = {isa = PBXBuildFile; fileRef = D9145B6F25178A59001F1DC7 /* HttpEndPointResources.swift */; };
		D9145B7225178A7E001F1DC7 /* ApiError.swift in Sources */ = {isa = PBXBuildFile; fileRef = D9145B7125178A7E001F1DC7 /* ApiError.swift */; };
		D9145B7525178D5E001F1DC7 /* CommitListTableViewCell.swift in Sources */ = {isa = PBXBuildFile; fileRef = D9145B7325178D5E001F1DC7 /* CommitListTableViewCell.swift */; };
		D9145B7625178D5E001F1DC7 /* CommitListTableViewCell.xib in Resources */ = {isa = PBXBuildFile; fileRef = D9145B7425178D5E001F1DC7 /* CommitListTableViewCell.xib */; };
		D9145B7825178DA5001F1DC7 /* UITableViewCell+Extension.swift in Sources */ = {isa = PBXBuildFile; fileRef = D9145B7725178DA5001F1DC7 /* UITableViewCell+Extension.swift */; };
		D9145B7F25178F80001F1DC7 /* CommitVM.swift in Sources */ = {isa = PBXBuildFile; fileRef = D9145B7E25178F80001F1DC7 /* CommitVM.swift */; };
		D9145B812517906F001F1DC7 /* String+Extension.swift in Sources */ = {isa = PBXBuildFile; fileRef = D9145B802517906F001F1DC7 /* String+Extension.swift */; };
		D9145B8425179922001F1DC7 /* Constants.swift in Sources */ = {isa = PBXBuildFile; fileRef = D9145B8325179922001F1DC7 /* Constants.swift */; };
		DAE5CB3592392F46030D8327 /* Pods_CommitListTests.framework in Frameworks */ = {isa = PBXBuildFile; fileRef = 054ACAC5225055061DCDD269 /* Pods_CommitListTests.framework */; };
/* End PBXBuildFile section */

/* Begin PBXContainerItemProxy section */
		D9145B3225177EA3001F1DC7 /* PBXContainerItemProxy */ = {
			isa = PBXContainerItemProxy;
			containerPortal = D9145B1325177E9E001F1DC7 /* Project object */;
			proxyType = 1;
			remoteGlobalIDString = D9145B1A25177E9E001F1DC7;
			remoteInfo = CommitList;
		};
		D9145B3D25177EA3001F1DC7 /* PBXContainerItemProxy */ = {
			isa = PBXContainerItemProxy;
			containerPortal = D9145B1325177E9E001F1DC7 /* Project object */;
			proxyType = 1;
			remoteGlobalIDString = D9145B1A25177E9E001F1DC7;
			remoteInfo = CommitList;
		};
/* End PBXContainerItemProxy section */

/* Begin PBXFileReference section */
		054ACAC5225055061DCDD269 /* Pods_CommitListTests.framework */ = {isa = PBXFileReference; explicitFileType = wrapper.framework; includeInIndex = 0; path = Pods_CommitListTests.framework; sourceTree = BUILT_PRODUCTS_DIR; };
		0CAC2114DB80053D9969CE5A /* Pods-CommitList.release.xcconfig */ = {isa = PBXFileReference; includeInIndex = 1; lastKnownFileType = text.xcconfig; name = "Pods-CommitList.release.xcconfig"; path = "Target Support Files/Pods-CommitList/Pods-CommitList.release.xcconfig"; sourceTree = "<group>"; };
		1ED3FB1CCF2CD5EFFCBC31B2 /* Pods_CommitList_CommitListUITests.framework */ = {isa = PBXFileReference; explicitFileType = wrapper.framework; includeInIndex = 0; path = Pods_CommitList_CommitListUITests.framework; sourceTree = BUILT_PRODUCTS_DIR; };
		56D5EBE14F9EC1207CAC9B9D /* Pods-CommitListTests.release.xcconfig */ = {isa = PBXFileReference; includeInIndex = 1; lastKnownFileType = text.xcconfig; name = "Pods-CommitListTests.release.xcconfig"; path = "Target Support Files/Pods-CommitListTests/Pods-CommitListTests.release.xcconfig"; sourceTree = "<group>"; };
		64F4D89E1B26666CC0C561A5 /* Pods-CommitList-CommitListUITests.debug.xcconfig */ = {isa = PBXFileReference; includeInIndex = 1; lastKnownFileType = text.xcconfig; name = "Pods-CommitList-CommitListUITests.debug.xcconfig"; path = "Target Support Files/Pods-CommitList-CommitListUITests/Pods-CommitList-CommitListUITests.debug.xcconfig"; sourceTree = "<group>"; };
		774010C596193F689DFEA2EA /* Pods_CommitList.framework */ = {isa = PBXFileReference; explicitFileType = wrapper.framework; includeInIndex = 0; path = Pods_CommitList.framework; sourceTree = BUILT_PRODUCTS_DIR; };
		813AC4B2B7AF4B8193087348 /* Pods-CommitList.debug.xcconfig */ = {isa = PBXFileReference; includeInIndex = 1; lastKnownFileType = text.xcconfig; name = "Pods-CommitList.debug.xcconfig"; path = "Target Support Files/Pods-CommitList/Pods-CommitList.debug.xcconfig"; sourceTree = "<group>"; };
		A0818BD0C69ED16EF2F5FDCB /* Pods-CommitList-CommitListUITests.release.xcconfig */ = {isa = PBXFileReference; includeInIndex = 1; lastKnownFileType = text.xcconfig; name = "Pods-CommitList-CommitListUITests.release.xcconfig"; path = "Target Support Files/Pods-CommitList-CommitListUITests/Pods-CommitList-CommitListUITests.release.xcconfig"; sourceTree = "<group>"; };
		A0F52E7F64FAB1A173DD170E /* Pods-CommitListTests.debug.xcconfig */ = {isa = PBXFileReference; includeInIndex = 1; lastKnownFileType = text.xcconfig; name = "Pods-CommitListTests.debug.xcconfig"; path = "Target Support Files/Pods-CommitListTests/Pods-CommitListTests.debug.xcconfig"; sourceTree = "<group>"; };
		D9145B1B25177E9E001F1DC7 /* CommitList.app */ = {isa = PBXFileReference; explicitFileType = wrapper.application; includeInIndex = 0; path = CommitList.app; sourceTree = BUILT_PRODUCTS_DIR; };
		D9145B1E25177E9E001F1DC7 /* AppDelegate.swift */ = {isa = PBXFileReference; lastKnownFileType = sourcecode.swift; path = AppDelegate.swift; sourceTree = "<group>"; };
		D9145B2025177E9E001F1DC7 /* SceneDelegate.swift */ = {isa = PBXFileReference; lastKnownFileType = sourcecode.swift; path = SceneDelegate.swift; sourceTree = "<group>"; };
		D9145B2525177E9E001F1DC7 /* Base */ = {isa = PBXFileReference; lastKnownFileType = file.storyboard; name = Base; path = Base.lproj/Main.storyboard; sourceTree = "<group>"; };
		D9145B2725177EA3001F1DC7 /* Assets.xcassets */ = {isa = PBXFileReference; lastKnownFileType = folder.assetcatalog; path = Assets.xcassets; sourceTree = "<group>"; };
		D9145B2A25177EA3001F1DC7 /* Base */ = {isa = PBXFileReference; lastKnownFileType = file.storyboard; name = Base; path = Base.lproj/LaunchScreen.storyboard; sourceTree = "<group>"; };
		D9145B2C25177EA3001F1DC7 /* Info.plist */ = {isa = PBXFileReference; lastKnownFileType = text.plist.xml; path = Info.plist; sourceTree = "<group>"; };
		D9145B3125177EA3001F1DC7 /* CommitListTests.xctest */ = {isa = PBXFileReference; explicitFileType = wrapper.cfbundle; includeInIndex = 0; path = CommitListTests.xctest; sourceTree = BUILT_PRODUCTS_DIR; };
		D9145B3525177EA3001F1DC7 /* CommitListTests.swift */ = {isa = PBXFileReference; lastKnownFileType = sourcecode.swift; path = CommitListTests.swift; sourceTree = "<group>"; };
		D9145B3725177EA3001F1DC7 /* Info.plist */ = {isa = PBXFileReference; lastKnownFileType = text.plist.xml; path = Info.plist; sourceTree = "<group>"; };
		D9145B3C25177EA3001F1DC7 /* CommitListUITests.xctest */ = {isa = PBXFileReference; explicitFileType = wrapper.cfbundle; includeInIndex = 0; path = CommitListUITests.xctest; sourceTree = BUILT_PRODUCTS_DIR; };
		D9145B4025177EA3001F1DC7 /* CommitListUITests.swift */ = {isa = PBXFileReference; lastKnownFileType = sourcecode.swift; path = CommitListUITests.swift; sourceTree = "<group>"; };
		D9145B4225177EA3001F1DC7 /* Info.plist */ = {isa = PBXFileReference; lastKnownFileType = text.plist.xml; path = Info.plist; sourceTree = "<group>"; };
		D9145B542517812C001F1DC7 /* CommitListViewModel.swift */ = {isa = PBXFileReference; lastKnownFileType = sourcecode.swift; path = CommitListViewModel.swift; sourceTree = "<group>"; };
		D9145B572517814B001F1DC7 /* CommitListViewController.swift */ = {isa = PBXFileReference; lastKnownFileType = sourcecode.swift; path = CommitListViewController.swift; sourceTree = "<group>"; };
		D9145B5925178176001F1DC7 /* CommitResponse.swift */ = {isa = PBXFileReference; lastKnownFileType = sourcecode.swift; path = CommitResponse.swift; sourceTree = "<group>"; };
		D9145B5B2517818D001F1DC7 /* Commit.swift */ = {isa = PBXFileReference; lastKnownFileType = sourcecode.swift; path = Commit.swift; sourceTree = "<group>"; };
		D9145B5D2517819F001F1DC7 /* Verification.swift */ = {isa = PBXFileReference; lastKnownFileType = sourcecode.swift; path = Verification.swift; sourceTree = "<group>"; };
		D9145B5F25178492001F1DC7 /* Tree.swift */ = {isa = PBXFileReference; lastKnownFileType = sourcecode.swift; path = Tree.swift; sourceTree = "<group>"; };
		D9145B61251784A2001F1DC7 /* Author.swift */ = {isa = PBXFileReference; lastKnownFileType = sourcecode.swift; path = Author.swift; sourceTree = "<group>"; };
		D9145B63251784B6001F1DC7 /* Committer.swift */ = {isa = PBXFileReference; lastKnownFileType = sourcecode.swift; path = Committer.swift; sourceTree = "<group>"; };
		D9145B65251784CA001F1DC7 /* Parents.swift */ = {isa = PBXFileReference; lastKnownFileType = sourcecode.swift; path = Parents.swift; sourceTree = "<group>"; };
		D9145B6825178505001F1DC7 /* UITableView+Extension.swift */ = {isa = PBXFileReference; lastKnownFileType = sourcecode.swift; path = "UITableView+Extension.swift"; sourceTree = "<group>"; };
		D9145B6B2517881C001F1DC7 /* ReachabilityHelper.swift */ = {isa = PBXFileReference; lastKnownFileType = sourcecode.swift; path = ReachabilityHelper.swift; sourceTree = "<group>"; };
		D9145B6D25178A4A001F1DC7 /* ApiClient.swift */ = {isa = PBXFileReference; lastKnownFileType = sourcecode.swift; path = ApiClient.swift; sourceTree = "<group>"; };
		D9145B6F25178A59001F1DC7 /* HttpEndPointResources.swift */ = {isa = PBXFileReference; lastKnownFileType = sourcecode.swift; path = HttpEndPointResources.swift; sourceTree = "<group>"; };
		D9145B7125178A7E001F1DC7 /* ApiError.swift */ = {isa = PBXFileReference; lastKnownFileType = sourcecode.swift; path = ApiError.swift; sourceTree = "<group>"; };
		D9145B7325178D5E001F1DC7 /* CommitListTableViewCell.swift */ = {isa = PBXFileReference; lastKnownFileType = sourcecode.swift; path = CommitListTableViewCell.swift; sourceTree = "<group>"; };
		D9145B7425178D5E001F1DC7 /* CommitListTableViewCell.xib */ = {isa = PBXFileReference; lastKnownFileType = file.xib; path = CommitListTableViewCell.xib; sourceTree = "<group>"; };
		D9145B7725178DA5001F1DC7 /* UITableViewCell+Extension.swift */ = {isa = PBXFileReference; lastKnownFileType = sourcecode.swift; path = "UITableViewCell+Extension.swift"; sourceTree = "<group>"; };
		D9145B7E25178F80001F1DC7 /* CommitVM.swift */ = {isa = PBXFileReference; lastKnownFileType = sourcecode.swift; path = CommitVM.swift; sourceTree = "<group>"; };
		D9145B802517906F001F1DC7 /* String+Extension.swift */ = {isa = PBXFileReference; lastKnownFileType = sourcecode.swift; path = "String+Extension.swift"; sourceTree = "<group>"; };
		D9145B8325179922001F1DC7 /* Constants.swift */ = {isa = PBXFileReference; lastKnownFileType = sourcecode.swift; path = Constants.swift; sourceTree = "<group>"; };
/* End PBXFileReference section */

/* Begin PBXFrameworksBuildPhase section */
		D9145B1825177E9E001F1DC7 /* Frameworks */ = {
			isa = PBXFrameworksBuildPhase;
			buildActionMask = 2147483647;
			files = (
				A832F8F2B7866B0AB4595691 /* Pods_CommitList.framework in Frameworks */,
			);
			runOnlyForDeploymentPostprocessing = 0;
		};
		D9145B2E25177EA3001F1DC7 /* Frameworks */ = {
			isa = PBXFrameworksBuildPhase;
			buildActionMask = 2147483647;
			files = (
				DAE5CB3592392F46030D8327 /* Pods_CommitListTests.framework in Frameworks */,
			);
			runOnlyForDeploymentPostprocessing = 0;
		};
		D9145B3925177EA3001F1DC7 /* Frameworks */ = {
			isa = PBXFrameworksBuildPhase;
			buildActionMask = 2147483647;
			files = (
				68B9EF13665470FEE47EEA07 /* Pods_CommitList_CommitListUITests.framework in Frameworks */,
			);
			runOnlyForDeploymentPostprocessing = 0;
		};
/* End PBXFrameworksBuildPhase section */

/* Begin PBXGroup section */
		07958B48942E9B560A0800AC /* Frameworks */ = {
			isa = PBXGroup;
			children = (
				774010C596193F689DFEA2EA /* Pods_CommitList.framework */,
				1ED3FB1CCF2CD5EFFCBC31B2 /* Pods_CommitList_CommitListUITests.framework */,
				054ACAC5225055061DCDD269 /* Pods_CommitListTests.framework */,
			);
			name = Frameworks;
			sourceTree = "<group>";
		};
		B9AB1601BBE86D15E9860115 /* Pods */ = {
			isa = PBXGroup;
			children = (
				813AC4B2B7AF4B8193087348 /* Pods-CommitList.debug.xcconfig */,
				0CAC2114DB80053D9969CE5A /* Pods-CommitList.release.xcconfig */,
				64F4D89E1B26666CC0C561A5 /* Pods-CommitList-CommitListUITests.debug.xcconfig */,
				A0818BD0C69ED16EF2F5FDCB /* Pods-CommitList-CommitListUITests.release.xcconfig */,
				A0F52E7F64FAB1A173DD170E /* Pods-CommitListTests.debug.xcconfig */,
				56D5EBE14F9EC1207CAC9B9D /* Pods-CommitListTests.release.xcconfig */,
			);
			path = Pods;
			sourceTree = "<group>";
		};
		D9145B1225177E9E001F1DC7 = {
			isa = PBXGroup;
			children = (
				D9145B1D25177E9E001F1DC7 /* CommitList */,
				D9145B3425177EA3001F1DC7 /* CommitListTests */,
				D9145B3F25177EA3001F1DC7 /* CommitListUITests */,
				D9145B1C25177E9E001F1DC7 /* Products */,
				B9AB1601BBE86D15E9860115 /* Pods */,
				07958B48942E9B560A0800AC /* Frameworks */,
			);
			sourceTree = "<group>";
		};
		D9145B1C25177E9E001F1DC7 /* Products */ = {
			isa = PBXGroup;
			children = (
				D9145B1B25177E9E001F1DC7 /* CommitList.app */,
				D9145B3125177EA3001F1DC7 /* CommitListTests.xctest */,
				D9145B3C25177EA3001F1DC7 /* CommitListUITests.xctest */,
			);
			name = Products;
			sourceTree = "<group>";
		};
		D9145B1D25177E9E001F1DC7 /* CommitList */ = {
			isa = PBXGroup;
			children = (
				D9145B1E25177E9E001F1DC7 /* AppDelegate.swift */,
				D9145B2025177E9E001F1DC7 /* SceneDelegate.swift */,
				D9145B4E251780BB001F1DC7 /* Networking */,
				D9145B6A25178804001F1DC7 /* Helpers */,
				D9145B8225179909001F1DC7 /* Constants */,
				D9145B67251784F1001F1DC7 /* Extensions */,
				D9145B4F251780C6001F1DC7 /* Models */,
				D9145B50251780CB001F1DC7 /* Views */,
				D9145B52251780E0001F1DC7 /* ViewModels */,
				D9145B2725177EA3001F1DC7 /* Assets.xcassets */,
				D9145B2925177EA3001F1DC7 /* LaunchScreen.storyboard */,
				D9145B2C25177EA3001F1DC7 /* Info.plist */,
			);
			path = CommitList;
			sourceTree = "<group>";
		};
		D9145B3425177EA3001F1DC7 /* CommitListTests */ = {
			isa = PBXGroup;
			children = (
				D9145B3525177EA3001F1DC7 /* CommitListTests.swift */,
				D9145B3725177EA3001F1DC7 /* Info.plist */,
			);
			path = CommitListTests;
			sourceTree = "<group>";
		};
		D9145B3F25177EA3001F1DC7 /* CommitListUITests */ = {
			isa = PBXGroup;
			children = (
				D9145B4025177EA3001F1DC7 /* CommitListUITests.swift */,
				D9145B4225177EA3001F1DC7 /* Info.plist */,
			);
			path = CommitListUITests;
			sourceTree = "<group>";
		};
		D9145B4E251780BB001F1DC7 /* Networking */ = {
			isa = PBXGroup;
			children = (
				D9145B6D25178A4A001F1DC7 /* ApiClient.swift */,
				D9145B6F25178A59001F1DC7 /* HttpEndPointResources.swift */,
				D9145B7125178A7E001F1DC7 /* ApiError.swift */,
			);
			path = Networking;
			sourceTree = "<group>";
		};
		D9145B4F251780C6001F1DC7 /* Models */ = {
			isa = PBXGroup;
			children = (
				D9145B7D25178EEE001F1DC7 /* VMs */,
				D9145B5925178176001F1DC7 /* CommitResponse.swift */,
				D9145B5B2517818D001F1DC7 /* Commit.swift */,
				D9145B5D2517819F001F1DC7 /* Verification.swift */,
				D9145B5F25178492001F1DC7 /* Tree.swift */,
				D9145B61251784A2001F1DC7 /* Author.swift */,
				D9145B63251784B6001F1DC7 /* Committer.swift */,
				D9145B65251784CA001F1DC7 /* Parents.swift */,
			);
			path = Models;
			sourceTree = "<group>";
		};
		D9145B50251780CB001F1DC7 /* Views */ = {
			isa = PBXGroup;
			children = (
				D9145B2425177E9E001F1DC7 /* Main.storyboard */,
				D9145B5325178102001F1DC7 /* CommitList */,
			);
			path = Views;
			sourceTree = "<group>";
		};
		D9145B52251780E0001F1DC7 /* ViewModels */ = {
			isa = PBXGroup;
			children = (
				D9145B542517812C001F1DC7 /* CommitListViewModel.swift */,
			);
			path = ViewModels;
			sourceTree = "<group>";
		};
		D9145B5325178102001F1DC7 /* CommitList */ = {
			isa = PBXGroup;
			children = (
				D9145B5625178138001F1DC7 /* Xibs */,
				D9145B572517814B001F1DC7 /* CommitListViewController.swift */,
			);
			path = CommitList;
			sourceTree = "<group>";
		};
		D9145B5625178138001F1DC7 /* Xibs */ = {
			isa = PBXGroup;
			children = (
				D9145B7325178D5E001F1DC7 /* CommitListTableViewCell.swift */,
				D9145B7425178D5E001F1DC7 /* CommitListTableViewCell.xib */,
			);
			path = Xibs;
			sourceTree = "<group>";
		};
		D9145B67251784F1001F1DC7 /* Extensions */ = {
			isa = PBXGroup;
			children = (
				D9145B6825178505001F1DC7 /* UITableView+Extension.swift */,
				D9145B7725178DA5001F1DC7 /* UITableViewCell+Extension.swift */,
				D9145B802517906F001F1DC7 /* String+Extension.swift */,
			);
			path = Extensions;
			sourceTree = "<group>";
		};
		D9145B6A25178804001F1DC7 /* Helpers */ = {
			isa = PBXGroup;
			children = (
				D9145B6B2517881C001F1DC7 /* ReachabilityHelper.swift */,
			);
			path = Helpers;
			sourceTree = "<group>";
		};
		D9145B7D25178EEE001F1DC7 /* VMs */ = {
			isa = PBXGroup;
			children = (
				D9145B7E25178F80001F1DC7 /* CommitVM.swift */,
			);
			path = VMs;
			sourceTree = "<group>";
		};
		D9145B8225179909001F1DC7 /* Constants */ = {
			isa = PBXGroup;
			children = (
				D9145B8325179922001F1DC7 /* Constants.swift */,
			);
			path = Constants;
			sourceTree = "<group>";
		};
/* End PBXGroup section */

/* Begin PBXNativeTarget section */
		D9145B1A25177E9E001F1DC7 /* CommitList */ = {
			isa = PBXNativeTarget;
			buildConfigurationList = D9145B4525177EA3001F1DC7 /* Build configuration list for PBXNativeTarget "CommitList" */;
			buildPhases = (
				F376E0747481CD2317CE88F0 /* [CP] Check Pods Manifest.lock */,
				D9145B1725177E9E001F1DC7 /* Sources */,
				D9145B1825177E9E001F1DC7 /* Frameworks */,
				D9145B1925177E9E001F1DC7 /* Resources */,
				1515B7A00E5B374654B3CD63 /* [CP] Embed Pods Frameworks */,
			);
			buildRules = (
			);
			dependencies = (
			);
			name = CommitList;
			productName = CommitList;
			productReference = D9145B1B25177E9E001F1DC7 /* CommitList.app */;
			productType = "com.apple.product-type.application";
		};
		D9145B3025177EA3001F1DC7 /* CommitListTests */ = {
			isa = PBXNativeTarget;
			buildConfigurationList = D9145B4825177EA3001F1DC7 /* Build configuration list for PBXNativeTarget "CommitListTests" */;
			buildPhases = (
				EBF763BA7284FED1BA8F6F4A /* [CP] Check Pods Manifest.lock */,
				D9145B2D25177EA3001F1DC7 /* Sources */,
				D9145B2E25177EA3001F1DC7 /* Frameworks */,
				D9145B2F25177EA3001F1DC7 /* Resources */,
			);
			buildRules = (
			);
			dependencies = (
				D9145B3325177EA3001F1DC7 /* PBXTargetDependency */,
			);
			name = CommitListTests;
			productName = CommitListTests;
			productReference = D9145B3125177EA3001F1DC7 /* CommitListTests.xctest */;
			productType = "com.apple.product-type.bundle.unit-test";
		};
		D9145B3B25177EA3001F1DC7 /* CommitListUITests */ = {
			isa = PBXNativeTarget;
			buildConfigurationList = D9145B4B25177EA3001F1DC7 /* Build configuration list for PBXNativeTarget "CommitListUITests" */;
			buildPhases = (
				B60FECF7E150B44E8DB792F9 /* [CP] Check Pods Manifest.lock */,
				D9145B3825177EA3001F1DC7 /* Sources */,
				D9145B3925177EA3001F1DC7 /* Frameworks */,
				D9145B3A25177EA3001F1DC7 /* Resources */,
				5EED71B58F0542A190CC8C23 /* [CP] Embed Pods Frameworks */,
			);
			buildRules = (
			);
			dependencies = (
				D9145B3E25177EA3001F1DC7 /* PBXTargetDependency */,
			);
			name = CommitListUITests;
			productName = CommitListUITests;
			productReference = D9145B3C25177EA3001F1DC7 /* CommitListUITests.xctest */;
			productType = "com.apple.product-type.bundle.ui-testing";
		};
/* End PBXNativeTarget section */

/* Begin PBXProject section */
		D9145B1325177E9E001F1DC7 /* Project object */ = {
			isa = PBXProject;
			attributes = {
				LastSwiftUpdateCheck = 1160;
				LastUpgradeCheck = 1160;
				ORGANIZATIONNAME = achemsamuel;
				TargetAttributes = {
					D9145B1A25177E9E001F1DC7 = {
						CreatedOnToolsVersion = 11.6;
					};
					D9145B3025177EA3001F1DC7 = {
						CreatedOnToolsVersion = 11.6;
						TestTargetID = D9145B1A25177E9E001F1DC7;
					};
					D9145B3B25177EA3001F1DC7 = {
						CreatedOnToolsVersion = 11.6;
						TestTargetID = D9145B1A25177E9E001F1DC7;
					};
				};
			};
			buildConfigurationList = D9145B1625177E9E001F1DC7 /* Build configuration list for PBXProject "CommitList" */;
			compatibilityVersion = "Xcode 9.3";
			developmentRegion = en;
			hasScannedForEncodings = 0;
			knownRegions = (
				en,
				Base,
			);
			mainGroup = D9145B1225177E9E001F1DC7;
			productRefGroup = D9145B1C25177E9E001F1DC7 /* Products */;
			projectDirPath = "";
			projectRoot = "";
			targets = (
				D9145B1A25177E9E001F1DC7 /* CommitList */,
				D9145B3025177EA3001F1DC7 /* CommitListTests */,
				D9145B3B25177EA3001F1DC7 /* CommitListUITests */,
			);
		};
/* End PBXProject section */

/* Begin PBXResourcesBuildPhase section */
		D9145B1925177E9E001F1DC7 /* Resources */ = {
			isa = PBXResourcesBuildPhase;
			buildActionMask = 2147483647;
			files = (
				D9145B7625178D5E001F1DC7 /* CommitListTableViewCell.xib in Resources */,
				D9145B2B25177EA3001F1DC7 /* LaunchScreen.storyboard in Resources */,
				D9145B2825177EA3001F1DC7 /* Assets.xcassets in Resources */,
				D9145B2625177E9E001F1DC7 /* Main.storyboard in Resources */,
			);
			runOnlyForDeploymentPostprocessing = 0;
		};
		D9145B2F25177EA3001F1DC7 /* Resources */ = {
			isa = PBXResourcesBuildPhase;
			buildActionMask = 2147483647;
			files = (
			);
			runOnlyForDeploymentPostprocessing = 0;
		};
		D9145B3A25177EA3001F1DC7 /* Resources */ = {
			isa = PBXResourcesBuildPhase;
			buildActionMask = 2147483647;
			files = (
			);
			runOnlyForDeploymentPostprocessing = 0;
		};
/* End PBXResourcesBuildPhase section */

/* Begin PBXShellScriptBuildPhase section */
		1515B7A00E5B374654B3CD63 /* [CP] Embed Pods Frameworks */ = {
			isa = PBXShellScriptBuildPhase;
			buildActionMask = 2147483647;
			files = (
			);
			inputFileListPaths = (
				"${PODS_ROOT}/Target Support Files/Pods-CommitList/Pods-CommitList-frameworks-${CONFIGURATION}-input-files.xcfilelist",
			);
			name = "[CP] Embed Pods Frameworks";
			outputFileListPaths = (
				"${PODS_ROOT}/Target Support Files/Pods-CommitList/Pods-CommitList-frameworks-${CONFIGURATION}-output-files.xcfilelist",
			);
			runOnlyForDeploymentPostprocessing = 0;
			shellPath = /bin/sh;
			shellScript = "\"${PODS_ROOT}/Target Support Files/Pods-CommitList/Pods-CommitList-frameworks.sh\"\n";
			showEnvVarsInLog = 0;
		};
		5EED71B58F0542A190CC8C23 /* [CP] Embed Pods Frameworks */ = {
			isa = PBXShellScriptBuildPhase;
			buildActionMask = 2147483647;
			files = (
			);
			inputFileListPaths = (
				"${PODS_ROOT}/Target Support Files/Pods-CommitList-CommitListUITests/Pods-CommitList-CommitListUITests-frameworks-${CONFIGURATION}-input-files.xcfilelist",
			);
			name = "[CP] Embed Pods Frameworks";
			outputFileListPaths = (
				"${PODS_ROOT}/Target Support Files/Pods-CommitList-CommitListUITests/Pods-CommitList-CommitListUITests-frameworks-${CONFIGURATION}-output-files.xcfilelist",
			);
			runOnlyForDeploymentPostprocessing = 0;
			shellPath = /bin/sh;
			shellScript = "\"${PODS_ROOT}/Target Support Files/Pods-CommitList-CommitListUITests/Pods-CommitList-CommitListUITests-frameworks.sh\"\n";
			showEnvVarsInLog = 0;
		};
		B60FECF7E150B44E8DB792F9 /* [CP] Check Pods Manifest.lock */ = {
			isa = PBXShellScriptBuildPhase;
			buildActionMask = 2147483647;
			files = (
			);
			inputFileListPaths = (
			);
			inputPaths = (
				"${PODS_PODFILE_DIR_PATH}/Podfile.lock",
				"${PODS_ROOT}/Manifest.lock",
			);
			name = "[CP] Check Pods Manifest.lock";
			outputFileListPaths = (
			);
			outputPaths = (
				"$(DERIVED_FILE_DIR)/Pods-CommitList-CommitListUITests-checkManifestLockResult.txt",
			);
			runOnlyForDeploymentPostprocessing = 0;
			shellPath = /bin/sh;
			shellScript = "diff \"${PODS_PODFILE_DIR_PATH}/Podfile.lock\" \"${PODS_ROOT}/Manifest.lock\" > /dev/null\nif [ $? != 0 ] ; then\n    # print error to STDERR\n    echo \"error: The sandbox is not in sync with the Podfile.lock. Run 'pod install' or update your CocoaPods installation.\" >&2\n    exit 1\nfi\n# This output is used by Xcode 'outputs' to avoid re-running this script phase.\necho \"SUCCESS\" > \"${SCRIPT_OUTPUT_FILE_0}\"\n";
			showEnvVarsInLog = 0;
		};
		EBF763BA7284FED1BA8F6F4A /* [CP] Check Pods Manifest.lock */ = {
			isa = PBXShellScriptBuildPhase;
			buildActionMask = 2147483647;
			files = (
			);
			inputFileListPaths = (
			);
			inputPaths = (
				"${PODS_PODFILE_DIR_PATH}/Podfile.lock",
				"${PODS_ROOT}/Manifest.lock",
			);
			name = "[CP] Check Pods Manifest.lock";
			outputFileListPaths = (
			);
			outputPaths = (
				"$(DERIVED_FILE_DIR)/Pods-CommitListTests-checkManifestLockResult.txt",
			);
			runOnlyForDeploymentPostprocessing = 0;
			shellPath = /bin/sh;
			shellScript = "diff \"${PODS_PODFILE_DIR_PATH}/Podfile.lock\" \"${PODS_ROOT}/Manifest.lock\" > /dev/null\nif [ $? != 0 ] ; then\n    # print error to STDERR\n    echo \"error: The sandbox is not in sync with the Podfile.lock. Run 'pod install' or update your CocoaPods installation.\" >&2\n    exit 1\nfi\n# This output is used by Xcode 'outputs' to avoid re-running this script phase.\necho \"SUCCESS\" > \"${SCRIPT_OUTPUT_FILE_0}\"\n";
			showEnvVarsInLog = 0;
		};
		F376E0747481CD2317CE88F0 /* [CP] Check Pods Manifest.lock */ = {
			isa = PBXShellScriptBuildPhase;
			buildActionMask = 2147483647;
			files = (
			);
			inputFileListPaths = (
			);
			inputPaths = (
				"${PODS_PODFILE_DIR_PATH}/Podfile.lock",
				"${PODS_ROOT}/Manifest.lock",
			);
			name = "[CP] Check Pods Manifest.lock";
			outputFileListPaths = (
			);
			outputPaths = (
				"$(DERIVED_FILE_DIR)/Pods-CommitList-checkManifestLockResult.txt",
			);
			runOnlyForDeploymentPostprocessing = 0;
			shellPath = /bin/sh;
			shellScript = "diff \"${PODS_PODFILE_DIR_PATH}/Podfile.lock\" \"${PODS_ROOT}/Manifest.lock\" > /dev/null\nif [ $? != 0 ] ; then\n    # print error to STDERR\n    echo \"error: The sandbox is not in sync with the Podfile.lock. Run 'pod install' or update your CocoaPods installation.\" >&2\n    exit 1\nfi\n# This output is used by Xcode 'outputs' to avoid re-running this script phase.\necho \"SUCCESS\" > \"${SCRIPT_OUTPUT_FILE_0}\"\n";
			showEnvVarsInLog = 0;
		};
/* End PBXShellScriptBuildPhase section */

/* Begin PBXSourcesBuildPhase section */
		D9145B1725177E9E001F1DC7 /* Sources */ = {
			isa = PBXSourcesBuildPhase;
			buildActionMask = 2147483647;
			files = (
				D9145B5C2517818D001F1DC7 /* Commit.swift in Sources */,
				D9145B552517812C001F1DC7 /* CommitListViewModel.swift in Sources */,
				D9145B7525178D5E001F1DC7 /* CommitListTableViewCell.swift in Sources */,
				D9145B64251784B6001F1DC7 /* Committer.swift in Sources */,
				D9145B7025178A59001F1DC7 /* HttpEndPointResources.swift in Sources */,
				D9145B7F25178F80001F1DC7 /* CommitVM.swift in Sources */,
				D9145B582517814B001F1DC7 /* CommitListViewController.swift in Sources */,
				D9145B62251784A2001F1DC7 /* Author.swift in Sources */,
				D9145B812517906F001F1DC7 /* String+Extension.swift in Sources */,
				D9145B1F25177E9E001F1DC7 /* AppDelegate.swift in Sources */,
				D9145B5E2517819F001F1DC7 /* Verification.swift in Sources */,
				D9145B8425179922001F1DC7 /* Constants.swift in Sources */,
				D9145B6E25178A4A001F1DC7 /* ApiClient.swift in Sources */,
				D9145B66251784CA001F1DC7 /* Parents.swift in Sources */,
				D9145B6C2517881C001F1DC7 /* ReachabilityHelper.swift in Sources */,
				D9145B6025178492001F1DC7 /* Tree.swift in Sources */,
				D9145B7825178DA5001F1DC7 /* UITableViewCell+Extension.swift in Sources */,
				D9145B5A25178176001F1DC7 /* CommitResponse.swift in Sources */,
				D9145B7225178A7E001F1DC7 /* ApiError.swift in Sources */,
				D9145B2125177E9E001F1DC7 /* SceneDelegate.swift in Sources */,
				D9145B6925178505001F1DC7 /* UITableView+Extension.swift in Sources */,
			);
			runOnlyForDeploymentPostprocessing = 0;
		};
		D9145B2D25177EA3001F1DC7 /* Sources */ = {
			isa = PBXSourcesBuildPhase;
			buildActionMask = 2147483647;
			files = (
				D9145B3625177EA3001F1DC7 /* CommitListTests.swift in Sources */,
			);
			runOnlyForDeploymentPostprocessing = 0;
		};
		D9145B3825177EA3001F1DC7 /* Sources */ = {
			isa = PBXSourcesBuildPhase;
			buildActionMask = 2147483647;
			files = (
				D9145B4125177EA3001F1DC7 /* CommitListUITests.swift in Sources */,
			);
			runOnlyForDeploymentPostprocessing = 0;
		};
/* End PBXSourcesBuildPhase section */

/* Begin PBXTargetDependency section */
		D9145B3325177EA3001F1DC7 /* PBXTargetDependency */ = {
			isa = PBXTargetDependency;
			target = D9145B1A25177E9E001F1DC7 /* CommitList */;
			targetProxy = D9145B3225177EA3001F1DC7 /* PBXContainerItemProxy */;
		};
		D9145B3E25177EA3001F1DC7 /* PBXTargetDependency */ = {
			isa = PBXTargetDependency;
			target = D9145B1A25177E9E001F1DC7 /* CommitList */;
			targetProxy = D9145B3D25177EA3001F1DC7 /* PBXContainerItemProxy */;
		};
/* End PBXTargetDependency section */

/* Begin PBXVariantGroup section */
		D9145B2425177E9E001F1DC7 /* Main.storyboard */ = {
			isa = PBXVariantGroup;
			children = (
				D9145B2525177E9E001F1DC7 /* Base */,
			);
			name = Main.storyboard;
			sourceTree = "<group>";
		};
		D9145B2925177EA3001F1DC7 /* LaunchScreen.storyboard */ = {
			isa = PBXVariantGroup;
			children = (
				D9145B2A25177EA3001F1DC7 /* Base */,
			);
			name = LaunchScreen.storyboard;
			sourceTree = "<group>";
		};
/* End PBXVariantGroup section */

/* Begin XCBuildConfiguration section */
		D9145B4325177EA3001F1DC7 /* Debug */ = {
			isa = XCBuildConfiguration;
			buildSettings = {
				ALWAYS_SEARCH_USER_PATHS = NO;
				CLANG_ANALYZER_NONNULL = YES;
				CLANG_ANALYZER_NUMBER_OBJECT_CONVERSION = YES_AGGRESSIVE;
				CLANG_CXX_LANGUAGE_STANDARD = "gnu++14";
				CLANG_CXX_LIBRARY = "libc++";
				CLANG_ENABLE_MODULES = YES;
				CLANG_ENABLE_OBJC_ARC = YES;
				CLANG_ENABLE_OBJC_WEAK = YES;
				CLANG_WARN_BLOCK_CAPTURE_AUTORELEASING = YES;
				CLANG_WARN_BOOL_CONVERSION = YES;
				CLANG_WARN_COMMA = YES;
				CLANG_WARN_CONSTANT_CONVERSION = YES;
				CLANG_WARN_DEPRECATED_OBJC_IMPLEMENTATIONS = YES;
				CLANG_WARN_DIRECT_OBJC_ISA_USAGE = YES_ERROR;
				CLANG_WARN_DOCUMENTATION_COMMENTS = YES;
				CLANG_WARN_EMPTY_BODY = YES;
				CLANG_WARN_ENUM_CONVERSION = YES;
				CLANG_WARN_INFINITE_RECURSION = YES;
				CLANG_WARN_INT_CONVERSION = YES;
				CLANG_WARN_NON_LITERAL_NULL_CONVERSION = YES;
				CLANG_WARN_OBJC_IMPLICIT_RETAIN_SELF = YES;
				CLANG_WARN_OBJC_LITERAL_CONVERSION = YES;
				CLANG_WARN_OBJC_ROOT_CLASS = YES_ERROR;
				CLANG_WARN_RANGE_LOOP_ANALYSIS = YES;
				CLANG_WARN_STRICT_PROTOTYPES = YES;
				CLANG_WARN_SUSPICIOUS_MOVE = YES;
				CLANG_WARN_UNGUARDED_AVAILABILITY = YES_AGGRESSIVE;
				CLANG_WARN_UNREACHABLE_CODE = YES;
				CLANG_WARN__DUPLICATE_METHOD_MATCH = YES;
				COPY_PHASE_STRIP = NO;
				DEBUG_INFORMATION_FORMAT = dwarf;
				ENABLE_STRICT_OBJC_MSGSEND = YES;
				ENABLE_TESTABILITY = YES;
				GCC_C_LANGUAGE_STANDARD = gnu11;
				GCC_DYNAMIC_NO_PIC = NO;
				GCC_NO_COMMON_BLOCKS = YES;
				GCC_OPTIMIZATION_LEVEL = 0;
				GCC_PREPROCESSOR_DEFINITIONS = (
					"DEBUG=1",
					"$(inherited)",
				);
				GCC_WARN_64_TO_32_BIT_CONVERSION = YES;
				GCC_WARN_ABOUT_RETURN_TYPE = YES_ERROR;
				GCC_WARN_UNDECLARED_SELECTOR = YES;
				GCC_WARN_UNINITIALIZED_AUTOS = YES_AGGRESSIVE;
				GCC_WARN_UNUSED_FUNCTION = YES;
				GCC_WARN_UNUSED_VARIABLE = YES;
				IPHONEOS_DEPLOYMENT_TARGET = 13.6;
				MTL_ENABLE_DEBUG_INFO = INCLUDE_SOURCE;
				MTL_FAST_MATH = YES;
				ONLY_ACTIVE_ARCH = YES;
				SDKROOT = iphoneos;
				SWIFT_ACTIVE_COMPILATION_CONDITIONS = DEBUG;
				SWIFT_OPTIMIZATION_LEVEL = "-Onone";
			};
			name = Debug;
		};
		D9145B4425177EA3001F1DC7 /* Release */ = {
			isa = XCBuildConfiguration;
			buildSettings = {
				ALWAYS_SEARCH_USER_PATHS = NO;
				CLANG_ANALYZER_NONNULL = YES;
				CLANG_ANALYZER_NUMBER_OBJECT_CONVERSION = YES_AGGRESSIVE;
				CLANG_CXX_LANGUAGE_STANDARD = "gnu++14";
				CLANG_CXX_LIBRARY = "libc++";
				CLANG_ENABLE_MODULES = YES;
				CLANG_ENABLE_OBJC_ARC = YES;
				CLANG_ENABLE_OBJC_WEAK = YES;
				CLANG_WARN_BLOCK_CAPTURE_AUTORELEASING = YES;
				CLANG_WARN_BOOL_CONVERSION = YES;
				CLANG_WARN_COMMA = YES;
				CLANG_WARN_CONSTANT_CONVERSION = YES;
				CLANG_WARN_DEPRECATED_OBJC_IMPLEMENTATIONS = YES;
				CLANG_WARN_DIRECT_OBJC_ISA_USAGE = YES_ERROR;
				CLANG_WARN_DOCUMENTATION_COMMENTS = YES;
				CLANG_WARN_EMPTY_BODY = YES;
				CLANG_WARN_ENUM_CONVERSION = YES;
				CLANG_WARN_INFINITE_RECURSION = YES;
				CLANG_WARN_INT_CONVERSION = YES;
				CLANG_WARN_NON_LITERAL_NULL_CONVERSION = YES;
				CLANG_WARN_OBJC_IMPLICIT_RETAIN_SELF = YES;
				CLANG_WARN_OBJC_LITERAL_CONVERSION = YES;
				CLANG_WARN_OBJC_ROOT_CLASS = YES_ERROR;
				CLANG_WARN_RANGE_LOOP_ANALYSIS = YES;
				CLANG_WARN_STRICT_PROTOTYPES = YES;
				CLANG_WARN_SUSPICIOUS_MOVE = YES;
				CLANG_WARN_UNGUARDED_AVAILABILITY = YES_AGGRESSIVE;
				CLANG_WARN_UNREACHABLE_CODE = YES;
				CLANG_WARN__DUPLICATE_METHOD_MATCH = YES;
				COPY_PHASE_STRIP = NO;
				DEBUG_INFORMATION_FORMAT = "dwarf-with-dsym";
				ENABLE_NS_ASSERTIONS = NO;
				ENABLE_STRICT_OBJC_MSGSEND = YES;
				GCC_C_LANGUAGE_STANDARD = gnu11;
				GCC_NO_COMMON_BLOCKS = YES;
				GCC_WARN_64_TO_32_BIT_CONVERSION = YES;
				GCC_WARN_ABOUT_RETURN_TYPE = YES_ERROR;
				GCC_WARN_UNDECLARED_SELECTOR = YES;
				GCC_WARN_UNINITIALIZED_AUTOS = YES_AGGRESSIVE;
				GCC_WARN_UNUSED_FUNCTION = YES;
				GCC_WARN_UNUSED_VARIABLE = YES;
				IPHONEOS_DEPLOYMENT_TARGET = 13.6;
				MTL_ENABLE_DEBUG_INFO = NO;
				MTL_FAST_MATH = YES;
				SDKROOT = iphoneos;
				SWIFT_COMPILATION_MODE = wholemodule;
				SWIFT_OPTIMIZATION_LEVEL = "-O";
				VALIDATE_PRODUCT = YES;
			};
			name = Release;
		};
		D9145B4625177EA3001F1DC7 /* Debug */ = {
			isa = XCBuildConfiguration;
			baseConfigurationReference = 813AC4B2B7AF4B8193087348 /* Pods-CommitList.debug.xcconfig */;
			buildSettings = {
				ASSETCATALOG_COMPILER_APPICON_NAME = AppIcon;
				CODE_SIGN_STYLE = Automatic;
				DEVELOPMENT_TEAM = 5L94XRPVKN;
				INFOPLIST_FILE = CommitList/Info.plist;
				IPHONEOS_DEPLOYMENT_TARGET = 13.6;
				LD_RUNPATH_SEARCH_PATHS = (
					"$(inherited)",
					"@executable_path/Frameworks",
				);
				OTHER_LDFLAGS = (
					"$(inherited)",
					"-framework",
					"\"Accelerate\"",
					"-framework",
					"\"CFNetwork\"",
					"-framework",
					"\"FBSnapshotTestCase\"",
					"-framework",
					"\"Foundation\"",
					"-framework",
					"\"Kingfisher\"",
					"-framework",
					"\"QuartzCore\"",
					"-framework",
					"\"RxCocoa\"",
					"-framework",
					"\"RxRelay\"",
					"-framework",
					"\"RxSwift\"",
					"-framework",
					"\"UIKit\"",
					"-framework",
					"\"XCTest\"",
				);
				PRODUCT_BUNDLE_IDENTIFIER = com.achemsamuel.CommitList;
				PRODUCT_NAME = "$(TARGET_NAME)";
				SWIFT_VERSION = 5.0;
				TARGETED_DEVICE_FAMILY = "1,2";
			};
			name = Debug;
		};
		D9145B4725177EA3001F1DC7 /* Release */ = {
			isa = XCBuildConfiguration;
			baseConfigurationReference = 0CAC2114DB80053D9969CE5A /* Pods-CommitList.release.xcconfig */;
			buildSettings = {
				ASSETCATALOG_COMPILER_APPICON_NAME = AppIcon;
				CODE_SIGN_STYLE = Automatic;
				DEVELOPMENT_TEAM = 5L94XRPVKN;
				INFOPLIST_FILE = CommitList/Info.plist;
				IPHONEOS_DEPLOYMENT_TARGET = 13.6;
				LD_RUNPATH_SEARCH_PATHS = (
					"$(inherited)",
					"@executable_path/Frameworks",
				);
				OTHER_LDFLAGS = (
					"$(inherited)",
					"-framework",
					"\"Accelerate\"",
					"-framework",
					"\"CFNetwork\"",
					"-framework",
					"\"FBSnapshotTestCase\"",
					"-framework",
					"\"Foundation\"",
					"-framework",
					"\"Kingfisher\"",
					"-framework",
					"\"QuartzCore\"",
					"-framework",
					"\"RxCocoa\"",
					"-framework",
					"\"RxRelay\"",
					"-framework",
					"\"RxSwift\"",
					"-framework",
					"\"UIKit\"",
					"-framework",
					"\"XCTest\"",
				);
				PRODUCT_BUNDLE_IDENTIFIER = com.achemsamuel.CommitList;
				PRODUCT_NAME = "$(TARGET_NAME)";
				SWIFT_VERSION = 5.0;
				TARGETED_DEVICE_FAMILY = "1,2";
			};
			name = Release;
		};
		D9145B4925177EA3001F1DC7 /* Debug */ = {
			isa = XCBuildConfiguration;
			baseConfigurationReference = A0F52E7F64FAB1A173DD170E /* Pods-CommitListTests.debug.xcconfig */;
			buildSettings = {
				ALWAYS_EMBED_SWIFT_STANDARD_LIBRARIES = YES;
				BUNDLE_LOADER = "$(TEST_HOST)";
				CODE_SIGN_STYLE = Automatic;
				DEVELOPMENT_TEAM = 5L94XRPVKN;
				INFOPLIST_FILE = CommitListTests/Info.plist;
				IPHONEOS_DEPLOYMENT_TARGET = 13.6;
				LD_RUNPATH_SEARCH_PATHS = (
					"$(inherited)",
					"@executable_path/Frameworks",
					"@loader_path/Frameworks",
				);
				PRODUCT_BUNDLE_IDENTIFIER = com.achemsamuel.CommitListTests;
				PRODUCT_NAME = "$(TARGET_NAME)";
				SWIFT_VERSION = 5.0;
				TARGETED_DEVICE_FAMILY = "1,2";
				TEST_HOST = "$(BUILT_PRODUCTS_DIR)/CommitList.app/CommitList";
			};
			name = Debug;
		};
		D9145B4A25177EA3001F1DC7 /* Release */ = {
			isa = XCBuildConfiguration;
			baseConfigurationReference = 56D5EBE14F9EC1207CAC9B9D /* Pods-CommitListTests.release.xcconfig */;
			buildSettings = {
				ALWAYS_EMBED_SWIFT_STANDARD_LIBRARIES = YES;
				BUNDLE_LOADER = "$(TEST_HOST)";
				CODE_SIGN_STYLE = Automatic;
				DEVELOPMENT_TEAM = 5L94XRPVKN;
				INFOPLIST_FILE = CommitListTests/Info.plist;
				IPHONEOS_DEPLOYMENT_TARGET = 13.6;
				LD_RUNPATH_SEARCH_PATHS = (
					"$(inherited)",
					"@executable_path/Frameworks",
					"@loader_path/Frameworks",
				);
				PRODUCT_BUNDLE_IDENTIFIER = com.achemsamuel.CommitListTests;
				PRODUCT_NAME = "$(TARGET_NAME)";
				SWIFT_VERSION = 5.0;
				TARGETED_DEVICE_FAMILY = "1,2";
				TEST_HOST = "$(BUILT_PRODUCTS_DIR)/CommitList.app/CommitList";
			};
			name = Release;
		};
		D9145B4C25177EA3001F1DC7 /* Debug */ = {
			isa = XCBuildConfiguration;
			baseConfigurationReference = 64F4D89E1B26666CC0C561A5 /* Pods-CommitList-CommitListUITests.debug.xcconfig */;
			buildSettings = {
				ALWAYS_EMBED_SWIFT_STANDARD_LIBRARIES = YES;
				CODE_SIGN_STYLE = Automatic;
				DEVELOPMENT_TEAM = 5L94XRPVKN;
				INFOPLIST_FILE = CommitListUITests/Info.plist;
				LD_RUNPATH_SEARCH_PATHS = (
					"$(inherited)",
					"@executable_path/Frameworks",
					"@loader_path/Frameworks",
				);
				PRODUCT_BUNDLE_IDENTIFIER = com.achemsamuel.CommitListUITests;
				PRODUCT_NAME = "$(TARGET_NAME)";
				SWIFT_VERSION = 5.0;
				TARGETED_DEVICE_FAMILY = "1,2";
				TEST_TARGET_NAME = CommitList;
			};
			name = Debug;
		};
		D9145B4D25177EA3001F1DC7 /* Release */ = {
			isa = XCBuildConfiguration;
			baseConfigurationReference = A0818BD0C69ED16EF2F5FDCB /* Pods-CommitList-CommitListUITests.release.xcconfig */;
			buildSettings = {
				ALWAYS_EMBED_SWIFT_STANDARD_LIBRARIES = YES;
				CODE_SIGN_STYLE = Automatic;
				DEVELOPMENT_TEAM = 5L94XRPVKN;
				INFOPLIST_FILE = CommitListUITests/Info.plist;
				LD_RUNPATH_SEARCH_PATHS = (
					"$(inherited)",
					"@executable_path/Frameworks",
					"@loader_path/Frameworks",
				);
				PRODUCT_BUNDLE_IDENTIFIER = com.achemsamuel.CommitListUITests;
				PRODUCT_NAME = "$(TARGET_NAME)";
				SWIFT_VERSION = 5.0;
				TARGETED_DEVICE_FAMILY = "1,2";
				TEST_TARGET_NAME = CommitList;
			};
			name = Release;
		};
/* End XCBuildConfiguration section */

/* Begin XCConfigurationList section */
		D9145B1625177E9E001F1DC7 /* Build configuration list for PBXProject "CommitList" */ = {
			isa = XCConfigurationList;
			buildConfigurations = (
				D9145B4325177EA3001F1DC7 /* Debug */,
				D9145B4425177EA3001F1DC7 /* Release */,
			);
			defaultConfigurationIsVisible = 0;
			defaultConfigurationName = Release;
		};
		D9145B4525177EA3001F1DC7 /* Build configuration list for PBXNativeTarget "CommitList" */ = {
			isa = XCConfigurationList;
			buildConfigurations = (
				D9145B4625177EA3001F1DC7 /* Debug */,
				D9145B4725177EA3001F1DC7 /* Release */,
			);
			defaultConfigurationIsVisible = 0;
			defaultConfigurationName = Release;
		};
		D9145B4825177EA3001F1DC7 /* Build configuration list for PBXNativeTarget "CommitListTests" */ = {
			isa = XCConfigurationList;
			buildConfigurations = (
				D9145B4925177EA3001F1DC7 /* Debug */,
				D9145B4A25177EA3001F1DC7 /* Release */,
			);
			defaultConfigurationIsVisible = 0;
			defaultConfigurationName = Release;
		};
		D9145B4B25177EA3001F1DC7 /* Build configuration list for PBXNativeTarget "CommitListUITests" */ = {
			isa = XCConfigurationList;
			buildConfigurations = (
				D9145B4C25177EA3001F1DC7 /* Debug */,
				D9145B4D25177EA3001F1DC7 /* Release */,
			);
			defaultConfigurationIsVisible = 0;
			defaultConfigurationName = Release;
		};
/* End XCConfigurationList section */
	};
	rootObject = D9145B1325177E9E001F1DC7 /* Project object */;
}
